// !$*UTF8*$!
{
	archiveVersion = 1;
	classes = {
	};
	objectVersion = 55;
	objects = {

/* Begin PBXBuildFile section */
		04EE401F272FF7D90018807B /* AppDelegate.swift in Sources */ = {isa = PBXBuildFile; fileRef = 04EE401E272FF7D90018807B /* AppDelegate.swift */; };
		04EE4021272FF7D90018807B /* SceneDelegate.swift in Sources */ = {isa = PBXBuildFile; fileRef = 04EE4020272FF7D90018807B /* SceneDelegate.swift */; };
		04EE4026272FF7D90018807B /* Main.storyboard in Resources */ = {isa = PBXBuildFile; fileRef = 04EE4024272FF7D90018807B /* Main.storyboard */; };
		04EE4029272FF7D90018807B /* WorldHolidays.xcdatamodeld in Sources */ = {isa = PBXBuildFile; fileRef = 04EE4027272FF7D90018807B /* WorldHolidays.xcdatamodeld */; };
		04EE402B272FF7DA0018807B /* Assets.xcassets in Resources */ = {isa = PBXBuildFile; fileRef = 04EE402A272FF7DA0018807B /* Assets.xcassets */; };
		04EE402E272FF7DA0018807B /* LaunchScreen.storyboard in Resources */ = {isa = PBXBuildFile; fileRef = 04EE402C272FF7DA0018807B /* LaunchScreen.storyboard */; };
		04EE4036272FF8DE0018807B /* HolidaysTableViewController.swift in Sources */ = {isa = PBXBuildFile; fileRef = 04EE4035272FF8DE0018807B /* HolidaysTableViewController.swift */; };
		04EE4038272FFA6F0018807B /* Holiday.swift in Sources */ = {isa = PBXBuildFile; fileRef = 04EE4037272FFA6F0018807B /* Holiday.swift */; };
		04EE403B272FFDB40018807B /* APIRequest.swift in Sources */ = {isa = PBXBuildFile; fileRef = 04EE403A272FFDB40018807B /* APIRequest.swift */; };
/* End PBXBuildFile section */

/* Begin PBXFileReference section */
		04EE401B272FF7D90018807B /* WorldHolidays.app */ = {isa = PBXFileReference; explicitFileType = wrapper.application; includeInIndex = 0; path = WorldHolidays.app; sourceTree = BUILT_PRODUCTS_DIR; };
		04EE401E272FF7D90018807B /* AppDelegate.swift */ = {isa = PBXFileReference; lastKnownFileType = sourcecode.swift; path = AppDelegate.swift; sourceTree = "<group>"; };
		04EE4020272FF7D90018807B /* SceneDelegate.swift */ = {isa = PBXFileReference; lastKnownFileType = sourcecode.swift; path = SceneDelegate.swift; sourceTree = "<group>"; };
		04EE4025272FF7D90018807B /* Base */ = {isa = PBXFileReference; lastKnownFileType = file.storyboard; name = Base; path = Base.lproj/Main.storyboard; sourceTree = "<group>"; };
		04EE4028272FF7D90018807B /* WorldHolidays.xcdatamodel */ = {isa = PBXFileReference; lastKnownFileType = wrapper.xcdatamodel; path = WorldHolidays.xcdatamodel; sourceTree = "<group>"; };
		04EE402A272FF7DA0018807B /* Assets.xcassets */ = {isa = PBXFileReference; lastKnownFileType = folder.assetcatalog; path = Assets.xcassets; sourceTree = "<group>"; };
		04EE402D272FF7DA0018807B /* Base */ = {isa = PBXFileReference; lastKnownFileType = file.storyboard; name = Base; path = Base.lproj/LaunchScreen.storyboard; sourceTree = "<group>"; };
		04EE402F272FF7DA0018807B /* Info.plist */ = {isa = PBXFileReference; lastKnownFileType = text.plist.xml; path = Info.plist; sourceTree = "<group>"; };
		04EE4035272FF8DE0018807B /* HolidaysTableViewController.swift */ = {isa = PBXFileReference; lastKnownFileType = sourcecode.swift; path = HolidaysTableViewController.swift; sourceTree = "<group>"; };
		04EE4037272FFA6F0018807B /* Holiday.swift */ = {isa = PBXFileReference; lastKnownFileType = sourcecode.swift; path = Holiday.swift; sourceTree = "<group>"; };
		04EE403A272FFDB40018807B /* APIRequest.swift */ = {isa = PBXFileReference; lastKnownFileType = sourcecode.swift; path = APIRequest.swift; sourceTree = "<group>"; };
/* End PBXFileReference section */

/* Begin PBXFrameworksBuildPhase section */
		04EE4018272FF7D90018807B /* Frameworks */ = {
			isa = PBXFrameworksBuildPhase;
			buildActionMask = 2147483647;
			files = (
			);
			runOnlyForDeploymentPostprocessing = 0;
		};
/* End PBXFrameworksBuildPhase section */

/* Begin PBXGroup section */
		04EE4012272FF7D90018807B = {
			isa = PBXGroup;
			children = (
				04EE401D272FF7D90018807B /* WorldHolidays */,
				04EE401C272FF7D90018807B /* Products */,
			);
			sourceTree = "<group>";
		};
		04EE401C272FF7D90018807B /* Products */ = {
			isa = PBXGroup;
			children = (
				04EE401B272FF7D90018807B /* WorldHolidays.app */,
			);
			name = Products;
			sourceTree = "<group>";
		};
		04EE401D272FF7D90018807B /* WorldHolidays */ = {
			isa = PBXGroup;
			children = (
				04EE401E272FF7D90018807B /* AppDelegate.swift */,
				04EE4020272FF7D90018807B /* SceneDelegate.swift */,
				04EE4035272FF8DE0018807B /* HolidaysTableViewController.swift */,
				04EE4039272FFD770018807B /* Model */,
				04EE4024272FF7D90018807B /* Main.storyboard */,
				04EE402A272FF7DA0018807B /* Assets.xcassets */,
				04EE402C272FF7DA0018807B /* LaunchScreen.storyboard */,
				04EE402F272FF7DA0018807B /* Info.plist */,
				04EE4027272FF7D90018807B /* WorldHolidays.xcdatamodeld */,
			);
			path = WorldHolidays;
			sourceTree = "<group>";
		};
		04EE4039272FFD770018807B /* Model */ = {
			isa = PBXGroup;
			children = (
				04EE4037272FFA6F0018807B /* Holiday.swift */,
				04EE403A272FFDB40018807B /* APIRequest.swift */,
			);
			path = Model;
			sourceTree = "<group>";
		};
/* End PBXGroup section */

/* Begin PBXNativeTarget section */
		04EE401A272FF7D90018807B /* WorldHolidays */ = {
			isa = PBXNativeTarget;
			buildConfigurationList = 04EE4032272FF7DA0018807B /* Build configuration list for PBXNativeTarget "WorldHolidays" */;
			buildPhases = (
				04EE4017272FF7D90018807B /* Sources */,
				04EE4018272FF7D90018807B /* Frameworks */,
				04EE4019272FF7D90018807B /* Resources */,
			);
			buildRules = (
			);
			dependencies = (
			);
			name = WorldHolidays;
			productName = WorldHolidays;
			productReference = 04EE401B272FF7D90018807B /* WorldHolidays.app */;
			productType = "com.apple.product-type.application";
		};
/* End PBXNativeTarget section */

/* Begin PBXProject section */
		04EE4013272FF7D90018807B /* Project object */ = {
			isa = PBXProject;
			attributes = {
				BuildIndependentTargetsInParallel = 1;
				LastSwiftUpdateCheck = 1300;
				LastUpgradeCheck = 1300;
				TargetAttributes = {
					04EE401A272FF7D90018807B = {
						CreatedOnToolsVersion = 13.0;
					};
				};
			};
			buildConfigurationList = 04EE4016272FF7D90018807B /* Build configuration list for PBXProject "WorldHolidays" */;
			compatibilityVersion = "Xcode 13.0";
			developmentRegion = en;
			hasScannedForEncodings = 0;
			knownRegions = (
				en,
				Base,
			);
			mainGroup = 04EE4012272FF7D90018807B;
			productRefGroup = 04EE401C272FF7D90018807B /* Products */;
			projectDirPath = "";
			projectRoot = "";
			targets = (
				04EE401A272FF7D90018807B /* WorldHolidays */,
			);
		};
/* End PBXProject section */

/* Begin PBXResourcesBuildPhase section */
		04EE4019272FF7D90018807B /* Resources */ = {
			isa = PBXResourcesBuildPhase;
			buildActionMask = 2147483647;
			files = (
				04EE402E272FF7DA0018807B /* LaunchScreen.storyboard in Resources */,
				04EE402B272FF7DA0018807B /* Assets.xcassets in Resources */,
				04EE4026272FF7D90018807B /* Main.storyboard in Resources */,
			);
			runOnlyForDeploymentPostprocessing = 0;
		};
/* End PBXResourcesBuildPhase section */

/* Begin PBXSourcesBuildPhase section */
		04EE4017272FF7D90018807B /* Sources */ = {
			isa = PBXSourcesBuildPhase;
			buildActionMask = 2147483647;
			files = (
				04EE4038272FFA6F0018807B /* Holiday.swift in Sources */,
				04EE403B272FFDB40018807B /* APIRequest.swift in Sources */,
				04EE401F272FF7D90018807B /* AppDelegate.swift in Sources */,
				04EE4036272FF8DE0018807B /* HolidaysTableViewController.swift in Sources */,
				04EE4021272FF7D90018807B /* SceneDelegate.swift in Sources */,
				04EE4029272FF7D90018807B /* WorldHolidays.xcdatamodeld in Sources */,
			);
			runOnlyForDeploymentPostprocessing = 0;
		};
/* End PBXSourcesBuildPhase section */

/* Begin PBXVariantGroup section */
		04EE4024272FF7D90018807B /* Main.storyboard */ = {
			isa = PBXVariantGroup;
			children = (
				04EE4025272FF7D90018807B /* Base */,
			);
			name = Main.storyboard;
			sourceTree = "<group>";
		};
		04EE402C272FF7DA0018807B /* LaunchScreen.storyboard */ = {
			isa = PBXVariantGroup;
			children = (
				04EE402D272FF7DA0018807B /* Base */,
			);
			name = LaunchScreen.storyboard;
			sourceTree = "<group>";
		};
/* End PBXVariantGroup section */

/* Begin XCBuildConfiguration section */
		04EE4030272FF7DA0018807B /* Debug */ = {
			isa = XCBuildConfiguration;
			buildSettings = {
				ALWAYS_SEARCH_USER_PATHS = NO;
				CLANG_ANALYZER_NONNULL = YES;
				CLANG_ANALYZER_NUMBER_OBJECT_CONVERSION = YES_AGGRESSIVE;
				CLANG_CXX_LANGUAGE_STANDARD = "gnu++17";
				CLANG_CXX_LIBRARY = "libc++";
				CLANG_ENABLE_MODULES = YES;
				CLANG_ENABLE_OBJC_ARC = YES;
				CLANG_ENABLE_OBJC_WEAK = YES;
				CLANG_WARN_BLOCK_CAPTURE_AUTORELEASING = YES;
				CLANG_WARN_BOOL_CONVERSION = YES;
				CLANG_WARN_COMMA = YES;
				CLANG_WARN_CONSTANT_CONVERSION = YES;
				CLANG_WARN_DEPRECATED_OBJC_IMPLEMENTATIONS = YES;
				CLANG_WARN_DIRECT_OBJC_ISA_USAGE = YES_ERROR;
				CLANG_WARN_DOCUMENTATION_COMMENTS = YES;
				CLANG_WARN_EMPTY_BODY = YES;
				CLANG_WARN_ENUM_CONVERSION = YES;
				CLANG_WARN_INFINITE_RECURSION = YES;
				CLANG_WARN_INT_CONVERSION = YES;
				CLANG_WARN_NON_LITERAL_NULL_CONVERSION = YES;
				CLANG_WARN_OBJC_IMPLICIT_RETAIN_SELF = YES;
				CLANG_WARN_OBJC_LITERAL_CONVERSION = YES;
				CLANG_WARN_OBJC_ROOT_CLASS = YES_ERROR;
				CLANG_WARN_QUOTED_INCLUDE_IN_FRAMEWORK_HEADER = YES;
				CLANG_WARN_RANGE_LOOP_ANALYSIS = YES;
				CLANG_WARN_STRICT_PROTOTYPES = YES;
				CLANG_WARN_SUSPICIOUS_MOVE = YES;
				CLANG_WARN_UNGUARDED_AVAILABILITY = YES_AGGRESSIVE;
				CLANG_WARN_UNREACHABLE_CODE = YES;
				CLANG_WARN__DUPLICATE_METHOD_MATCH = YES;
				COPY_PHASE_STRIP = NO;
				DEBUG_INFORMATION_FORMAT = dwarf;
				ENABLE_STRICT_OBJC_MSGSEND = YES;
				ENABLE_TESTABILITY = YES;
				GCC_C_LANGUAGE_STANDARD = gnu11;
				GCC_DYNAMIC_NO_PIC = NO;
				GCC_NO_COMMON_BLOCKS = YES;
				GCC_OPTIMIZATION_LEVEL = 0;
				GCC_PREPROCESSOR_DEFINITIONS = (
					"DEBUG=1",
					"$(inherited)",
				);
				GCC_WARN_64_TO_32_BIT_CONVERSION = YES;
				GCC_WARN_ABOUT_RETURN_TYPE = YES_ERROR;
				GCC_WARN_UNDECLARED_SELECTOR = YES;
				GCC_WARN_UNINITIALIZED_AUTOS = YES_AGGRESSIVE;
				GCC_WARN_UNUSED_FUNCTION = YES;
				GCC_WARN_UNUSED_VARIABLE = YES;
				IPHONEOS_DEPLOYMENT_TARGET = 15.0;
				MTL_ENABLE_DEBUG_INFO = INCLUDE_SOURCE;
				MTL_FAST_MATH = YES;
				ONLY_ACTIVE_ARCH = YES;
				SDKROOT = iphoneos;
				SWIFT_ACTIVE_COMPILATION_CONDITIONS = DEBUG;
				SWIFT_OPTIMIZATION_LEVEL = "-Onone";
			};
			name = Debug;
		};
		04EE4031272FF7DA0018807B /* Release */ = {
			isa = XCBuildConfiguration;
			buildSettings = {
				ALWAYS_SEARCH_USER_PATHS = NO;
				CLANG_ANALYZER_NONNULL = YES;
				CLANG_ANALYZER_NUMBER_OBJECT_CONVERSION = YES_AGGRESSIVE;
				CLANG_CXX_LANGUAGE_STANDARD = "gnu++17";
				CLANG_CXX_LIBRARY = "libc++";
				CLANG_ENABLE_MODULES = YES;
				CLANG_ENABLE_OBJC_ARC = YES;
				CLANG_ENABLE_OBJC_WEAK = YES;
				CLANG_WARN_BLOCK_CAPTURE_AUTORELEASING = YES;
				CLANG_WARN_BOOL_CONVERSION = YES;
				CLANG_WARN_COMMA = YES;
				CLANG_WARN_CONSTANT_CONVERSION = YES;
				CLANG_WARN_DEPRECATED_OBJC_IMPLEMENTATIONS = YES;
				CLANG_WARN_DIRECT_OBJC_ISA_USAGE = YES_ERROR;
				CLANG_WARN_DOCUMENTATION_COMMENTS = YES;
				CLANG_WARN_EMPTY_BODY = YES;
				CLANG_WARN_ENUM_CONVERSION = YES;
				CLANG_WARN_INFINITE_RECURSION = YES;
				CLANG_WARN_INT_CONVERSION = YES;
				CLANG_WARN_NON_LITERAL_NULL_CONVERSION = YES;
				CLANG_WARN_OBJC_IMPLICIT_RETAIN_SELF = YES;
				CLANG_WARN_OBJC_LITERAL_CONVERSION = YES;
				CLANG_WARN_OBJC_ROOT_CLASS = YES_ERROR;
				CLANG_WARN_QUOTED_INCLUDE_IN_FRAMEWORK_HEADER = YES;
				CLANG_WARN_RANGE_LOOP_ANALYSIS = YES;
				CLANG_WARN_STRICT_PROTOTYPES = YES;
				CLANG_WARN_SUSPICIOUS_MOVE = YES;
				CLANG_WARN_UNGUARDED_AVAILABILITY = YES_AGGRESSIVE;
				CLANG_WARN_UNREACHABLE_CODE = YES;
				CLANG_WARN__DUPLICATE_METHOD_MATCH = YES;
				COPY_PHASE_STRIP = NO;
				DEBUG_INFORMATION_FORMAT = "dwarf-with-dsym";
				ENABLE_NS_ASSERTIONS = NO;
				ENABLE_STRICT_OBJC_MSGSEND = YES;
				GCC_C_LANGUAGE_STANDARD = gnu11;
				GCC_NO_COMMON_BLOCKS = YES;
				GCC_WARN_64_TO_32_BIT_CONVERSION = YES;
				GCC_WARN_ABOUT_RETURN_TYPE = YES_ERROR;
				GCC_WARN_UNDECLARED_SELECTOR = YES;
				GCC_WARN_UNINITIALIZED_AUTOS = YES_AGGRESSIVE;
				GCC_WARN_UNUSED_FUNCTION = YES;
				GCC_WARN_UNUSED_VARIABLE = YES;
				IPHONEOS_DEPLOYMENT_TARGET = 15.0;
				MTL_ENABLE_DEBUG_INFO = NO;
				MTL_FAST_MATH = YES;
				SDKROOT = iphoneos;
				SWIFT_COMPILATION_MODE = wholemodule;
				SWIFT_OPTIMIZATION_LEVEL = "-O";
				VALIDATE_PRODUCT = YES;
			};
			name = Release;
		};
		04EE4033272FF7DA0018807B /* Debug */ = {
			isa = XCBuildConfiguration;
			buildSettings = {
				ASSETCATALOG_COMPILER_APPICON_NAME = AppIcon;
				ASSETCATALOG_COMPILER_GLOBAL_ACCENT_COLOR_NAME = AccentColor;
				CODE_SIGN_STYLE = Automatic;
				CURRENT_PROJECT_VERSION = 1;
				DEVELOPMENT_TEAM = 4ZCX8DFXBW;
				GENERATE_INFOPLIST_FILE = YES;
				INFOPLIST_FILE = WorldHolidays/Info.plist;
				INFOPLIST_KEY_UIApplicationSupportsIndirectInputEvents = YES;
				INFOPLIST_KEY_UILaunchStoryboardName = LaunchScreen;
				INFOPLIST_KEY_UIMainStoryboardFile = Main;
				INFOPLIST_KEY_UISupportedInterfaceOrientations_iPad = "UIInterfaceOrientationPortrait UIInterfaceOrientationPortraitUpsideDown UIInterfaceOrientationLandscapeLeft UIInterfaceOrientationLandscapeRight";
				INFOPLIST_KEY_UISupportedInterfaceOrientations_iPhone = "UIInterfaceOrientationPortrait UIInterfaceOrientationLandscapeLeft UIInterfaceOrientationLandscapeRight";
				LD_RUNPATH_SEARCH_PATHS = (
					"$(inherited)",
					"@executable_path/Frameworks",
				);
				MARKETING_VERSION = 1.0;
				PRODUCT_BUNDLE_IDENTIFIER = com.pawelbrzozowski.WorldHolidays;
				PRODUCT_NAME = "$(TARGET_NAME)";
				SWIFT_EMIT_LOC_STRINGS = YES;
				SWIFT_VERSION = 5.0;
				TARGETED_DEVICE_FAMILY = "1,2";
			};
			name = Debug;
		};
		04EE4034272FF7DA0018807B /* Release */ = {
			isa = XCBuildConfiguration;
			buildSettings = {
				ASSETCATALOG_COMPILER_APPICON_NAME = AppIcon;
				ASSETCATALOG_COMPILER_GLOBAL_ACCENT_COLOR_NAME = AccentColor;
				CODE_SIGN_STYLE = Automatic;
				CURRENT_PROJECT_VERSION = 1;
				DEVELOPMENT_TEAM = 4ZCX8DFXBW;
				GENERATE_INFOPLIST_FILE = YES;
				INFOPLIST_FILE = WorldHolidays/Info.plist;
				INFOPLIST_KEY_UIApplicationSupportsIndirectInputEvents = YES;
				INFOPLIST_KEY_UILaunchStoryboardName = LaunchScreen;
				INFOPLIST_KEY_UIMainStoryboardFile = Main;
				INFOPLIST_KEY_UISupportedInterfaceOrientations_iPad = "UIInterfaceOrientationPortrait UIInterfaceOrientationPortraitUpsideDown UIInterfaceOrientationLandscapeLeft UIInterfaceOrientationLandscapeRight";
				INFOPLIST_KEY_UISupportedInterfaceOrientations_iPhone = "UIInterfaceOrientationPortrait UIInterfaceOrientationLandscapeLeft UIInterfaceOrientationLandscapeRight";
				LD_RUNPATH_SEARCH_PATHS = (
					"$(inherited)",
					"@executable_path/Frameworks",
				);
				MARKETING_VERSION = 1.0;
				PRODUCT_BUNDLE_IDENTIFIER = com.pawelbrzozowski.WorldHolidays;
				PRODUCT_NAME = "$(TARGET_NAME)";
				SWIFT_EMIT_LOC_STRINGS = YES;
				SWIFT_VERSION = 5.0;
				TARGETED_DEVICE_FAMILY = "1,2";
			};
			name = Release;
		};
/* End XCBuildConfiguration section */

/* Begin XCConfigurationList section */
		04EE4016272FF7D90018807B /* Build configuration list for PBXProject "WorldHolidays" */ = {
			isa = XCConfigurationList;
			buildConfigurations = (
				04EE4030272FF7DA0018807B /* Debug */,
				04EE4031272FF7DA0018807B /* Release */,
			);
			defaultConfigurationIsVisible = 0;
			defaultConfigurationName = Release;
		};
		04EE4032272FF7DA0018807B /* Build configuration list for PBXNativeTarget "WorldHolidays" */ = {
			isa = XCConfigurationList;
			buildConfigurations = (
				04EE4033272FF7DA0018807B /* Debug */,
				04EE4034272FF7DA0018807B /* Release */,
			);
			defaultConfigurationIsVisible = 0;
			defaultConfigurationName = Release;
		};
/* End XCConfigurationList section */

/* Begin XCVersionGroup section */
		04EE4027272FF7D90018807B /* WorldHolidays.xcdatamodeld */ = {
			isa = XCVersionGroup;
			children = (
				04EE4028272FF7D90018807B /* WorldHolidays.xcdatamodel */,
			);
			currentVersion = 04EE4028272FF7D90018807B /* WorldHolidays.xcdatamodel */;
			path = WorldHolidays.xcdatamodeld;
			sourceTree = "<group>";
			versionGroupType = wrapper.xcdatamodel;
		};
/* End XCVersionGroup section */
	};
	rootObject = 04EE4013272FF7D90018807B /* Project object */;
}
